// !$*UTF8*$!
{
	archiveVersion = 1;
	classes = {
	};
	objectVersion = 46;
	objects = {

/* Begin PBXBuildFile section */
		80A29E12169BEEA5007CB5C5 /* LoggerClient.m in Sources */ = {isa = PBXBuildFile; fileRef = 80A29E10169BEEA5007CB5C5 /* LoggerClient.m */; };
		80A29E15169BF8DC007CB5C5 /* Location.m in Sources */ = {isa = PBXBuildFile; fileRef = 80A29E14169BF8DC007CB5C5 /* Location.m */; };
		80A29E1B169C1EC8007CB5C5 /* VenueCell.m in Sources */ = {isa = PBXBuildFile; fileRef = 80A29E1A169C1EC8007CB5C5 /* VenueCell.m */; };
		80A29E1E169C211D007CB5C5 /* Stats.m in Sources */ = {isa = PBXBuildFile; fileRef = 80A29E1D169C211D007CB5C5 /* Stats.m */; };
		80DFFBCB1699B03A005FE437 /* UIKit.framework in Frameworks */ = {isa = PBXBuildFile; fileRef = 80DFFBCA1699B03A005FE437 /* UIKit.framework */; };
		80DFFBCD1699B03A005FE437 /* Foundation.framework in Frameworks */ = {isa = PBXBuildFile; fileRef = 80DFFBCC1699B03A005FE437 /* Foundation.framework */; };
		80DFFBCF1699B03A005FE437 /* CoreGraphics.framework in Frameworks */ = {isa = PBXBuildFile; fileRef = 80DFFBCE1699B03A005FE437 /* CoreGraphics.framework */; };
		80DFFBD51699B03A005FE437 /* InfoPlist.strings in Resources */ = {isa = PBXBuildFile; fileRef = 80DFFBD31699B03A005FE437 /* InfoPlist.strings */; };
		80DFFBD71699B03A005FE437 /* main.m in Sources */ = {isa = PBXBuildFile; fileRef = 80DFFBD61699B03A005FE437 /* main.m */; };
		80DFFBDB1699B03A005FE437 /* AppDelegate.m in Sources */ = {isa = PBXBuildFile; fileRef = 80DFFBDA1699B03A005FE437 /* AppDelegate.m */; };
		80DFFBDD1699B03A005FE437 /* Default.png in Resources */ = {isa = PBXBuildFile; fileRef = 80DFFBDC1699B03A005FE437 /* Default.png */; };
		80DFFBDF1699B03A005FE437 /* Default@2x.png in Resources */ = {isa = PBXBuildFile; fileRef = 80DFFBDE1699B03A005FE437 /* Default@2x.png */; };
		80DFFBE11699B03A005FE437 /* Default-568h@2x.png in Resources */ = {isa = PBXBuildFile; fileRef = 80DFFBE01699B03A005FE437 /* Default-568h@2x.png */; };
		80DFFBE41699B03A005FE437 /* MainStoryboard.storyboard in Resources */ = {isa = PBXBuildFile; fileRef = 80DFFBE21699B03A005FE437 /* MainStoryboard.storyboard */; };
		80DFFBE71699B03A005FE437 /* MasterViewController.m in Sources */ = {isa = PBXBuildFile; fileRef = 80DFFBE61699B03A005FE437 /* MasterViewController.m */; };
		80DFFBEA1699B03A005FE437 /* DetailViewController.m in Sources */ = {isa = PBXBuildFile; fileRef = 80DFFBE91699B03A005FE437 /* DetailViewController.m */; };
		80DFFC101699B11B005FE437 /* CFNetwork.framework in Frameworks */ = {isa = PBXBuildFile; fileRef = 80DFFC091699B11A005FE437 /* CFNetwork.framework */; };
		80DFFC111699B11B005FE437 /* CoreData.framework in Frameworks */ = {isa = PBXBuildFile; fileRef = 80DFFC0A1699B11A005FE437 /* CoreData.framework */; };
		80DFFC121699B11B005FE437 /* libxml2.dylib in Frameworks */ = {isa = PBXBuildFile; fileRef = 80DFFC0B1699B11B005FE437 /* libxml2.dylib */; };
		80DFFC131699B11B005FE437 /* MobileCoreServices.framework in Frameworks */ = {isa = PBXBuildFile; fileRef = 80DFFC0C1699B11B005FE437 /* MobileCoreServices.framework */; };
		80DFFC141699B11B005FE437 /* QuartzCore.framework in Frameworks */ = {isa = PBXBuildFile; fileRef = 80DFFC0D1699B11B005FE437 /* QuartzCore.framework */; };
		80DFFC151699B11B005FE437 /* Security.framework in Frameworks */ = {isa = PBXBuildFile; fileRef = 80DFFC0E1699B11B005FE437 /* Security.framework */; };
		80DFFC161699B11B005FE437 /* SystemConfiguration.framework in Frameworks */ = {isa = PBXBuildFile; fileRef = 80DFFC0F1699B11B005FE437 /* SystemConfiguration.framework */; };
		80DFFC2E1699B22A005FE437 /* libRestKit.a in Frameworks */ = {isa = PBXBuildFile; fileRef = 80DFFC231699B209005FE437 /* libRestKit.a */; };
		80DFFC331699B3A6005FE437 /* Venue.m in Sources */ = {isa = PBXBuildFile; fileRef = 80DFFC321699B3A6005FE437 /* Venue.m */; };
/* End PBXBuildFile section */

/* Begin PBXContainerItemProxy section */
		80DFFC221699B209005FE437 /* PBXContainerItemProxy */ = {
			isa = PBXContainerItemProxy;
			containerPortal = 80DFFC171699B208005FE437 /* RestKit.xcodeproj */;
			proxyType = 2;
			remoteGlobalIDString = 25160D1614564E810060A5C5;
			remoteInfo = RestKit;
		};
		80DFFC241699B209005FE437 /* PBXContainerItemProxy */ = {
			isa = PBXContainerItemProxy;
			containerPortal = 80DFFC171699B208005FE437 /* RestKit.xcodeproj */;
			proxyType = 2;
			remoteGlobalIDString = 25160D2614564E820060A5C5;
			remoteInfo = RestKitTests;
		};
		80DFFC261699B209005FE437 /* PBXContainerItemProxy */ = {
			isa = PBXContainerItemProxy;
			containerPortal = 80DFFC171699B208005FE437 /* RestKit.xcodeproj */;
			proxyType = 2;
			remoteGlobalIDString = 25160E62145651060060A5C5;
			remoteInfo = RestKitFramework;
		};
		80DFFC281699B209005FE437 /* PBXContainerItemProxy */ = {
			isa = PBXContainerItemProxy;
			containerPortal = 80DFFC171699B208005FE437 /* RestKit.xcodeproj */;
			proxyType = 2;
			remoteGlobalIDString = 25160E78145651060060A5C5;
			remoteInfo = RestKitFrameworkTests;
		};
		80DFFC2A1699B209005FE437 /* PBXContainerItemProxy */ = {
			isa = PBXContainerItemProxy;
			containerPortal = 80DFFC171699B208005FE437 /* RestKit.xcodeproj */;
			proxyType = 2;
			remoteGlobalIDString = 259C301615128079003066A2;
			remoteInfo = RestKitResources;
		};
		80DFFC2C1699B222005FE437 /* PBXContainerItemProxy */ = {
			isa = PBXContainerItemProxy;
			containerPortal = 80DFFC171699B208005FE437 /* RestKit.xcodeproj */;
			proxyType = 1;
			remoteGlobalIDString = 25160D1514564E810060A5C5;
			remoteInfo = RestKit;
		};
/* End PBXContainerItemProxy section */

/* Begin PBXFileReference section */
		80A29E0F169BEEA5007CB5C5 /* LoggerClient.h */ = {isa = PBXFileReference; fileEncoding = 4; lastKnownFileType = sourcecode.c.h; path = LoggerClient.h; sourceTree = "<group>"; };
		80A29E10169BEEA5007CB5C5 /* LoggerClient.m */ = {isa = PBXFileReference; fileEncoding = 4; lastKnownFileType = sourcecode.c.objc; path = LoggerClient.m; sourceTree = "<group>"; };
		80A29E11169BEEA5007CB5C5 /* LoggerCommon.h */ = {isa = PBXFileReference; fileEncoding = 4; lastKnownFileType = sourcecode.c.h; path = LoggerCommon.h; sourceTree = "<group>"; };
		80A29E13169BF8DC007CB5C5 /* Location.h */ = {isa = PBXFileReference; fileEncoding = 4; lastKnownFileType = sourcecode.c.h; path = Location.h; sourceTree = "<group>"; };
		80A29E14169BF8DC007CB5C5 /* Location.m */ = {isa = PBXFileReference; fileEncoding = 4; lastKnownFileType = sourcecode.c.objc; path = Location.m; sourceTree = "<group>"; };
		80A29E19169C1EC8007CB5C5 /* VenueCell.h */ = {isa = PBXFileReference; fileEncoding = 4; lastKnownFileType = sourcecode.c.h; path = VenueCell.h; sourceTree = "<group>"; };
		80A29E1A169C1EC8007CB5C5 /* VenueCell.m */ = {isa = PBXFileReference; fileEncoding = 4; lastKnownFileType = sourcecode.c.objc; path = VenueCell.m; sourceTree = "<group>"; };
		80A29E1C169C211D007CB5C5 /* Stats.h */ = {isa = PBXFileReference; fileEncoding = 4; lastKnownFileType = sourcecode.c.h; path = Stats.h; sourceTree = "<group>"; };
		80A29E1D169C211D007CB5C5 /* Stats.m */ = {isa = PBXFileReference; fileEncoding = 4; lastKnownFileType = sourcecode.c.objc; path = Stats.m; sourceTree = "<group>"; };
		80DFFBC61699B03A005FE437 /* HelloRestKit 5.app */ = {isa = PBXFileReference; explicitFileType = wrapper.application; includeInIndex = 0; path = "HelloRestKit 5.app"; sourceTree = BUILT_PRODUCTS_DIR; };
		80DFFBCA1699B03A005FE437 /* UIKit.framework */ = {isa = PBXFileReference; lastKnownFileType = wrapper.framework; name = UIKit.framework; path = System/Library/Frameworks/UIKit.framework; sourceTree = SDKROOT; };
		80DFFBCC1699B03A005FE437 /* Foundation.framework */ = {isa = PBXFileReference; lastKnownFileType = wrapper.framework; name = Foundation.framework; path = System/Library/Frameworks/Foundation.framework; sourceTree = SDKROOT; };
		80DFFBCE1699B03A005FE437 /* CoreGraphics.framework */ = {isa = PBXFileReference; lastKnownFileType = wrapper.framework; name = CoreGraphics.framework; path = System/Library/Frameworks/CoreGraphics.framework; sourceTree = SDKROOT; };
		80DFFBD21699B03A005FE437 /* HelloRestKit 5-Info.plist */ = {isa = PBXFileReference; lastKnownFileType = text.plist.xml; path = "HelloRestKit 5-Info.plist"; sourceTree = "<group>"; };
		80DFFBD41699B03A005FE437 /* en */ = {isa = PBXFileReference; lastKnownFileType = text.plist.strings; name = en; path = en.lproj/InfoPlist.strings; sourceTree = "<group>"; };
		80DFFBD61699B03A005FE437 /* main.m */ = {isa = PBXFileReference; lastKnownFileType = sourcecode.c.objc; path = main.m; sourceTree = "<group>"; };
		80DFFBD81699B03A005FE437 /* HelloRestKit 5-Prefix.pch */ = {isa = PBXFileReference; lastKnownFileType = sourcecode.c.h; path = "HelloRestKit 5-Prefix.pch"; sourceTree = "<group>"; };
		80DFFBD91699B03A005FE437 /* AppDelegate.h */ = {isa = PBXFileReference; lastKnownFileType = sourcecode.c.h; path = AppDelegate.h; sourceTree = "<group>"; };
		80DFFBDA1699B03A005FE437 /* AppDelegate.m */ = {isa = PBXFileReference; lastKnownFileType = sourcecode.c.objc; path = AppDelegate.m; sourceTree = "<group>"; };
		80DFFBDC1699B03A005FE437 /* Default.png */ = {isa = PBXFileReference; lastKnownFileType = image.png; path = Default.png; sourceTree = "<group>"; };
		80DFFBDE1699B03A005FE437 /* Default@2x.png */ = {isa = PBXFileReference; lastKnownFileType = image.png; path = "Default@2x.png"; sourceTree = "<group>"; };
		80DFFBE01699B03A005FE437 /* Default-568h@2x.png */ = {isa = PBXFileReference; lastKnownFileType = image.png; path = "Default-568h@2x.png"; sourceTree = "<group>"; };
		80DFFBE31699B03A005FE437 /* en */ = {isa = PBXFileReference; lastKnownFileType = file.storyboard; name = en; path = en.lproj/MainStoryboard.storyboard; sourceTree = "<group>"; };
		80DFFBE51699B03A005FE437 /* MasterViewController.h */ = {isa = PBXFileReference; lastKnownFileType = sourcecode.c.h; path = MasterViewController.h; sourceTree = "<group>"; };
		80DFFBE61699B03A005FE437 /* MasterViewController.m */ = {isa = PBXFileReference; lastKnownFileType = sourcecode.c.objc; path = MasterViewController.m; sourceTree = "<group>"; };
		80DFFBE81699B03A005FE437 /* DetailViewController.h */ = {isa = PBXFileReference; lastKnownFileType = sourcecode.c.h; path = DetailViewController.h; sourceTree = "<group>"; };
		80DFFBE91699B03A005FE437 /* DetailViewController.m */ = {isa = PBXFileReference; lastKnownFileType = sourcecode.c.objc; path = DetailViewController.m; sourceTree = "<group>"; };
		80DFFC091699B11A005FE437 /* CFNetwork.framework */ = {isa = PBXFileReference; lastKnownFileType = wrapper.framework; name = CFNetwork.framework; path = System/Library/Frameworks/CFNetwork.framework; sourceTree = SDKROOT; };
		80DFFC0A1699B11A005FE437 /* CoreData.framework */ = {isa = PBXFileReference; lastKnownFileType = wrapper.framework; name = CoreData.framework; path = System/Library/Frameworks/CoreData.framework; sourceTree = SDKROOT; };
		80DFFC0B1699B11B005FE437 /* libxml2.dylib */ = {isa = PBXFileReference; lastKnownFileType = "compiled.mach-o.dylib"; name = libxml2.dylib; path = usr/lib/libxml2.dylib; sourceTree = SDKROOT; };
		80DFFC0C1699B11B005FE437 /* MobileCoreServices.framework */ = {isa = PBXFileReference; lastKnownFileType = wrapper.framework; name = MobileCoreServices.framework; path = System/Library/Frameworks/MobileCoreServices.framework; sourceTree = SDKROOT; };
		80DFFC0D1699B11B005FE437 /* QuartzCore.framework */ = {isa = PBXFileReference; lastKnownFileType = wrapper.framework; name = QuartzCore.framework; path = System/Library/Frameworks/QuartzCore.framework; sourceTree = SDKROOT; };
		80DFFC0E1699B11B005FE437 /* Security.framework */ = {isa = PBXFileReference; lastKnownFileType = wrapper.framework; name = Security.framework; path = System/Library/Frameworks/Security.framework; sourceTree = SDKROOT; };
		80DFFC0F1699B11B005FE437 /* SystemConfiguration.framework */ = {isa = PBXFileReference; lastKnownFileType = wrapper.framework; name = SystemConfiguration.framework; path = System/Library/Frameworks/SystemConfiguration.framework; sourceTree = SDKROOT; };
		80DFFC171699B208005FE437 /* RestKit.xcodeproj */ = {isa = PBXFileReference; lastKnownFileType = "wrapper.pb-project"; name = RestKit.xcodeproj; path = RestKit/RestKit.xcodeproj; sourceTree = "<group>"; };
		80DFFC311699B3A6005FE437 /* Venue.h */ = {isa = PBXFileReference; fileEncoding = 4; lastKnownFileType = sourcecode.c.h; path = Venue.h; sourceTree = "<group>"; };
		80DFFC321699B3A6005FE437 /* Venue.m */ = {isa = PBXFileReference; fileEncoding = 4; lastKnownFileType = sourcecode.c.objc; path = Venue.m; sourceTree = "<group>"; };
/* End PBXFileReference section */

/* Begin PBXFrameworksBuildPhase section */
		80DFFBC31699B03A005FE437 /* Frameworks */ = {
			isa = PBXFrameworksBuildPhase;
			buildActionMask = 2147483647;
			files = (
				80DFFC2E1699B22A005FE437 /* libRestKit.a in Frameworks */,
				80DFFC101699B11B005FE437 /* CFNetwork.framework in Frameworks */,
				80DFFC111699B11B005FE437 /* CoreData.framework in Frameworks */,
				80DFFC121699B11B005FE437 /* libxml2.dylib in Frameworks */,
				80DFFC131699B11B005FE437 /* MobileCoreServices.framework in Frameworks */,
				80DFFC141699B11B005FE437 /* QuartzCore.framework in Frameworks */,
				80DFFC151699B11B005FE437 /* Security.framework in Frameworks */,
				80DFFC161699B11B005FE437 /* SystemConfiguration.framework in Frameworks */,
				80DFFBCB1699B03A005FE437 /* UIKit.framework in Frameworks */,
				80DFFBCD1699B03A005FE437 /* Foundation.framework in Frameworks */,
				80DFFBCF1699B03A005FE437 /* CoreGraphics.framework in Frameworks */,
			);
			runOnlyForDeploymentPostprocessing = 0;
		};
/* End PBXFrameworksBuildPhase section */

/* Begin PBXGroup section */
		80A36177169E8E1000B2893D /* Mappings */ = {
			isa = PBXGroup;
			children = (
				80DFFC311699B3A6005FE437 /* Venue.h */,
				80DFFC321699B3A6005FE437 /* Venue.m */,
				80A29E13169BF8DC007CB5C5 /* Location.h */,
				80A29E14169BF8DC007CB5C5 /* Location.m */,
				80A29E1C169C211D007CB5C5 /* Stats.h */,
				80A29E1D169C211D007CB5C5 /* Stats.m */,
			);
			name = Mappings;
			sourceTree = "<group>";
		};
		80A36178169E8E3400B2893D /* NSLogger */ = {
			isa = PBXGroup;
			children = (
				80A29E0F169BEEA5007CB5C5 /* LoggerClient.h */,
				80A29E10169BEEA5007CB5C5 /* LoggerClient.m */,
				80A29E11169BEEA5007CB5C5 /* LoggerCommon.h */,
			);
			name = NSLogger;
			sourceTree = "<group>";
		};
		80DFFBBB1699B03A005FE437 = {
			isa = PBXGroup;
			children = (
				80DFFBD01699B03A005FE437 /* HelloRestKit 5 */,
				80DFFBC91699B03A005FE437 /* Frameworks */,
				80DFFBC71699B03A005FE437 /* Products */,
			);
			sourceTree = "<group>";
		};
		80DFFBC71699B03A005FE437 /* Products */ = {
			isa = PBXGroup;
			children = (
				80DFFBC61699B03A005FE437 /* HelloRestKit 5.app */,
			);
			name = Products;
			sourceTree = "<group>";
		};
		80DFFBC91699B03A005FE437 /* Frameworks */ = {
			isa = PBXGroup;
			children = (
				80DFFC091699B11A005FE437 /* CFNetwork.framework */,
				80DFFC0A1699B11A005FE437 /* CoreData.framework */,
				80DFFC0B1699B11B005FE437 /* libxml2.dylib */,
				80DFFC0C1699B11B005FE437 /* MobileCoreServices.framework */,
				80DFFC0D1699B11B005FE437 /* QuartzCore.framework */,
				80DFFC0E1699B11B005FE437 /* Security.framework */,
				80DFFC0F1699B11B005FE437 /* SystemConfiguration.framework */,
				80DFFC171699B208005FE437 /* RestKit.xcodeproj */,
				80DFFBCA1699B03A005FE437 /* UIKit.framework */,
				80DFFBCC1699B03A005FE437 /* Foundation.framework */,
				80DFFBCE1699B03A005FE437 /* CoreGraphics.framework */,
			);
			name = Frameworks;
			sourceTree = "<group>";
		};
		80DFFBD01699B03A005FE437 /* HelloRestKit 5 */ = {
			isa = PBXGroup;
			children = (
				80A36178169E8E3400B2893D /* NSLogger */,
				80A36177169E8E1000B2893D /* Mappings */,
				80DFFBD91699B03A005FE437 /* AppDelegate.h */,
				80DFFBDA1699B03A005FE437 /* AppDelegate.m */,
				80DFFBE21699B03A005FE437 /* MainStoryboard.storyboard */,
				80DFFBE51699B03A005FE437 /* MasterViewController.h */,
				80DFFBE61699B03A005FE437 /* MasterViewController.m */,
				80DFFBE81699B03A005FE437 /* DetailViewController.h */,
				80DFFBE91699B03A005FE437 /* DetailViewController.m */,
				80A29E19169C1EC8007CB5C5 /* VenueCell.h */,
				80A29E1A169C1EC8007CB5C5 /* VenueCell.m */,
				80DFFBD11699B03A005FE437 /* Supporting Files */,
			);
			path = "HelloRestKit 5";
			sourceTree = "<group>";
		};
		80DFFBD11699B03A005FE437 /* Supporting Files */ = {
			isa = PBXGroup;
			children = (
				80DFFBD21699B03A005FE437 /* HelloRestKit 5-Info.plist */,
				80DFFBD31699B03A005FE437 /* InfoPlist.strings */,
				80DFFBD61699B03A005FE437 /* main.m */,
				80DFFBD81699B03A005FE437 /* HelloRestKit 5-Prefix.pch */,
				80DFFBDC1699B03A005FE437 /* Default.png */,
				80DFFBDE1699B03A005FE437 /* Default@2x.png */,
				80DFFBE01699B03A005FE437 /* Default-568h@2x.png */,
			);
			name = "Supporting Files";
			sourceTree = "<group>";
		};
		80DFFC181699B208005FE437 /* Products */ = {
			isa = PBXGroup;
			children = (
				80DFFC231699B209005FE437 /* libRestKit.a */,
				80DFFC251699B209005FE437 /* RestKitTests.octest */,
				80DFFC271699B209005FE437 /* RestKit.framework */,
				80DFFC291699B209005FE437 /* RestKitFrameworkTests.octest */,
				80DFFC2B1699B209005FE437 /* RestKitResources.bundle */,
			);
			name = Products;
			sourceTree = "<group>";
		};
/* End PBXGroup section */

/* Begin PBXNativeTarget section */
		80DFFBC51699B03A005FE437 /* HelloRestKit 5 */ = {
			isa = PBXNativeTarget;
			buildConfigurationList = 80DFFBED1699B03A005FE437 /* Build configuration list for PBXNativeTarget "HelloRestKit 5" */;
			buildPhases = (
				80DFFBC21699B03A005FE437 /* Sources */,
				80DFFBC31699B03A005FE437 /* Frameworks */,
				80DFFBC41699B03A005FE437 /* Resources */,
			);
			buildRules = (
			);
			dependencies = (
				80DFFC2D1699B222005FE437 /* PBXTargetDependency */,
			);
			name = "HelloRestKit 5";
			productName = "HelloRestKit 5";
			productReference = 80DFFBC61699B03A005FE437 /* HelloRestKit 5.app */;
			productType = "com.apple.product-type.application";
		};
/* End PBXNativeTarget section */

/* Begin PBXProject section */
		80DFFBBD1699B03A005FE437 /* Project object */ = {
			isa = PBXProject;
			attributes = {
				LastUpgradeCheck = 0450;
				ORGANIZATIONNAME = wyq;
			};
			buildConfigurationList = 80DFFBC01699B03A005FE437 /* Build configuration list for PBXProject "HelloRestKit 5" */;
			compatibilityVersion = "Xcode 3.2";
			developmentRegion = English;
			hasScannedForEncodings = 0;
			knownRegions = (
				en,
			);
			mainGroup = 80DFFBBB1699B03A005FE437;
			productRefGroup = 80DFFBC71699B03A005FE437 /* Products */;
			projectDirPath = "";
			projectReferences = (
				{
					ProductGroup = 80DFFC181699B208005FE437 /* Products */;
					ProjectRef = 80DFFC171699B208005FE437 /* RestKit.xcodeproj */;
				},
			);
			projectRoot = "";
			targets = (
				80DFFBC51699B03A005FE437 /* HelloRestKit 5 */,
			);
		};
/* End PBXProject section */

/* Begin PBXReferenceProxy section */
		80DFFC231699B209005FE437 /* libRestKit.a */ = {
			isa = PBXReferenceProxy;
			fileType = archive.ar;
			path = libRestKit.a;
			remoteRef = 80DFFC221699B209005FE437 /* PBXContainerItemProxy */;
			sourceTree = BUILT_PRODUCTS_DIR;
		};
		80DFFC251699B209005FE437 /* RestKitTests.octest */ = {
			isa = PBXReferenceProxy;
			fileType = wrapper.cfbundle;
			path = RestKitTests.octest;
			remoteRef = 80DFFC241699B209005FE437 /* PBXContainerItemProxy */;
			sourceTree = BUILT_PRODUCTS_DIR;
		};
		80DFFC271699B209005FE437 /* RestKit.framework */ = {
			isa = PBXReferenceProxy;
			fileType = wrapper.framework;
			path = RestKit.framework;
			remoteRef = 80DFFC261699B209005FE437 /* PBXContainerItemProxy */;
			sourceTree = BUILT_PRODUCTS_DIR;
		};
		80DFFC291699B209005FE437 /* RestKitFrameworkTests.octest */ = {
			isa = PBXReferenceProxy;
			fileType = wrapper.cfbundle;
			path = RestKitFrameworkTests.octest;
			remoteRef = 80DFFC281699B209005FE437 /* PBXContainerItemProxy */;
			sourceTree = BUILT_PRODUCTS_DIR;
		};
		80DFFC2B1699B209005FE437 /* RestKitResources.bundle */ = {
			isa = PBXReferenceProxy;
			fileType = wrapper.cfbundle;
			path = RestKitResources.bundle;
			remoteRef = 80DFFC2A1699B209005FE437 /* PBXContainerItemProxy */;
			sourceTree = BUILT_PRODUCTS_DIR;
		};
/* End PBXReferenceProxy section */

/* Begin PBXResourcesBuildPhase section */
		80DFFBC41699B03A005FE437 /* Resources */ = {
			isa = PBXResourcesBuildPhase;
			buildActionMask = 2147483647;
			files = (
				80DFFBD51699B03A005FE437 /* InfoPlist.strings in Resources */,
				80DFFBDD1699B03A005FE437 /* Default.png in Resources */,
				80DFFBDF1699B03A005FE437 /* Default@2x.png in Resources */,
				80DFFBE11699B03A005FE437 /* Default-568h@2x.png in Resources */,
				80DFFBE41699B03A005FE437 /* MainStoryboard.storyboard in Resources */,
			);
			runOnlyForDeploymentPostprocessing = 0;
		};
/* End PBXResourcesBuildPhase section */

/* Begin PBXSourcesBuildPhase section */
		80DFFBC21699B03A005FE437 /* Sources */ = {
			isa = PBXSourcesBuildPhase;
			buildActionMask = 2147483647;
			files = (
				80DFFBD71699B03A005FE437 /* main.m in Sources */,
				80DFFBDB1699B03A005FE437 /* AppDelegate.m in Sources */,
				80DFFBE71699B03A005FE437 /* MasterViewController.m in Sources */,
				80DFFBEA1699B03A005FE437 /* DetailViewController.m in Sources */,
				80DFFC331699B3A6005FE437 /* Venue.m in Sources */,
				80A29E12169BEEA5007CB5C5 /* LoggerClient.m in Sources */,
				80A29E15169BF8DC007CB5C5 /* Location.m in Sources */,
				80A29E1B169C1EC8007CB5C5 /* VenueCell.m in Sources */,
				80A29E1E169C211D007CB5C5 /* Stats.m in Sources */,
			);
			runOnlyForDeploymentPostprocessing = 0;
		};
/* End PBXSourcesBuildPhase section */

/* Begin PBXTargetDependency section */
		80DFFC2D1699B222005FE437 /* PBXTargetDependency */ = {
			isa = PBXTargetDependency;
			name = RestKit;
			targetProxy = 80DFFC2C1699B222005FE437 /* PBXContainerItemProxy */;
		};
/* End PBXTargetDependency section */

/* Begin PBXVariantGroup section */
		80DFFBD31699B03A005FE437 /* InfoPlist.strings */ = {
			isa = PBXVariantGroup;
			children = (
				80DFFBD41699B03A005FE437 /* en */,
			);
			name = InfoPlist.strings;
			sourceTree = "<group>";
		};
		80DFFBE21699B03A005FE437 /* MainStoryboard.storyboard */ = {
			isa = PBXVariantGroup;
			children = (
				80DFFBE31699B03A005FE437 /* en */,
			);
			name = MainStoryboard.storyboard;
			sourceTree = "<group>";
		};
/* End PBXVariantGroup section */

/* Begin XCBuildConfiguration section */
		80DFFBEB1699B03A005FE437 /* Debug */ = {
			isa = XCBuildConfiguration;
			buildSettings = {
				ALWAYS_SEARCH_USER_PATHS = NO;
				CLANG_CXX_LANGUAGE_STANDARD = "gnu++0x";
				CLANG_CXX_LIBRARY = "libc++";
				CLANG_ENABLE_OBJC_ARC = YES;
				CLANG_WARN_EMPTY_BODY = YES;
				CLANG_WARN__DUPLICATE_METHOD_MATCH = YES;
				CODE_SIGN_IDENTITY = "";
				"CODE_SIGN_IDENTITY[sdk=iphoneos*]" = "";
				COPY_PHASE_STRIP = NO;
				GCC_C_LANGUAGE_STANDARD = gnu99;
				GCC_DYNAMIC_NO_PIC = NO;
				GCC_OPTIMIZATION_LEVEL = 0;
				GCC_PREPROCESSOR_DEFINITIONS = (
					"DEBUG=1",
					"$(inherited)",
				);
				GCC_SYMBOLS_PRIVATE_EXTERN = NO;
				GCC_WARN_ABOUT_RETURN_TYPE = YES;
				GCC_WARN_UNINITIALIZED_AUTOS = YES;
				GCC_WARN_UNUSED_VARIABLE = YES;
				IPHONEOS_DEPLOYMENT_TARGET = 6.0;
				ONLY_ACTIVE_ARCH = YES;
				SDKROOT = iphoneos;
			};
			name = Debug;
		};
		80DFFBEC1699B03A005FE437 /* Release */ = {
			isa = XCBuildConfiguration;
			buildSettings = {
				ALWAYS_SEARCH_USER_PATHS = NO;
				CLANG_CXX_LANGUAGE_STANDARD = "gnu++0x";
				CLANG_CXX_LIBRARY = "libc++";
				CLANG_ENABLE_OBJC_ARC = YES;
				CLANG_WARN_EMPTY_BODY = YES;
				CLANG_WARN__DUPLICATE_METHOD_MATCH = YES;
				CODE_SIGN_IDENTITY = "";
				"CODE_SIGN_IDENTITY[sdk=iphoneos*]" = "";
				COPY_PHASE_STRIP = YES;
				GCC_C_LANGUAGE_STANDARD = gnu99;
				GCC_WARN_ABOUT_RETURN_TYPE = YES;
				GCC_WARN_UNINITIALIZED_AUTOS = YES;
				GCC_WARN_UNUSED_VARIABLE = YES;
				IPHONEOS_DEPLOYMENT_TARGET = 6.0;
				OTHER_CFLAGS = "-DNS_BLOCK_ASSERTIONS=1";
				SDKROOT = iphoneos;
				VALIDATE_PRODUCT = YES;
			};
			name = Release;
		};
		80DFFBEE1699B03A005FE437 /* Debug */ = {
			isa = XCBuildConfiguration;
			buildSettings = {
				GCC_PRECOMPILE_PREFIX_HEADER = YES;
				GCC_PREFIX_HEADER = "HelloRestKit 5/HelloRestKit 5-Prefix.pch";
				HEADER_SEARCH_PATHS = "\"$(BUILT_PRODUCTS_DIR)/../../Headers\"";
				INFOPLIST_FILE = "HelloRestKit 5/HelloRestKit 5-Info.plist";
				OTHER_LDFLAGS = "-ObjC";
				PRODUCT_NAME = "$(TARGET_NAME)";
				WRAPPER_EXTENSION = app;
			};
			name = Debug;
		};
		80DFFBEF1699B03A005FE437 /* Release */ = {
			isa = XCBuildConfiguration;
			buildSettings = {
				GCC_PRECOMPILE_PREFIX_HEADER = YES;
				GCC_PREFIX_HEADER = "HelloRestKit 5/HelloRestKit 5-Prefix.pch";
				HEADER_SEARCH_PATHS = "\"$(BUILT_PRODUCTS_DIR)/../../Headers\"";
				INFOPLIST_FILE = "HelloRestKit 5/HelloRestKit 5-Info.plist";
				OTHER_LDFLAGS = "-ObjC";
				PRODUCT_NAME = "$(TARGET_NAME)";
				WRAPPER_EXTENSION = app;
			};
			name = Release;
		};
/* End XCBuildConfiguration section */

/* Begin XCConfigurationList section */
		80DFFBC01699B03A005FE437 /* Build configuration list for PBXProject "HelloRestKit 5" */ = {
			isa = XCConfigurationList;
			buildConfigurations = (
				80DFFBEB1699B03A005FE437 /* Debug */,
				80DFFBEC1699B03A005FE437 /* Release */,
			);
			defaultConfigurationIsVisible = 0;
			defaultConfigurationName = Release;
		};
		80DFFBED1699B03A005FE437 /* Build configuration list for PBXNativeTarget "HelloRestKit 5" */ = {
			isa = XCConfigurationList;
			buildConfigurations = (
				80DFFBEE1699B03A005FE437 /* Debug */,
				80DFFBEF1699B03A005FE437 /* Release */,
			);
			defaultConfigurationIsVisible = 0;
			defaultConfigurationName = Release;
		};
/* End XCConfigurationList section */
	};
	rootObject = 80DFFBBD1699B03A005FE437 /* Project object */;
}
